PODS:
  - AudioKit (4.7.1):
    - AudioKit/Core (= 4.7.1)
    - AudioKit/UI (= 4.7.1)
  - AudioKit/Core (4.7.1)
  - AudioKit/UI (4.7.1):
    - AudioKit/Core
  - CocoaLumberjack/Core (3.5.2)
  - CocoaLumberjack/Swift (3.5.2):
    - CocoaLumberjack/Core
  - SwiftLint (0.31.0)

DEPENDENCIES:
  - AudioKit (~> 4.7)
  - CocoaLumberjack/Swift
  - SwiftLint

SPEC REPOS:
  https://github.com/cocoapods/specs.git:
    - AudioKit
    - CocoaLumberjack
    - SwiftLint

SPEC CHECKSUMS:
  AudioKit: fb42378fbe950033462b47efe3643c108698ba03
  CocoaLumberjack: 118bf4a820efc641f79fa487b75ed928dccfae23
  SwiftLint: 7a0227733d786395817373b2d0ca799fd0093ff3

PODFILE CHECKSUM: d8f1fe55e4f8ca21c55550bc68bf42bad2e9603d

COCOAPODS: 1.5.2
